
Microsoft Visual Studio Solution File, Format Version 12.00
# Visual Studio 14
VisualStudioVersion = 14.0.25420.1
MinimumVisualStudioVersion = 10.0.40219.1
Project("{FAE04EC0-301F-11D3-BF4B-00C04F79EFBC}") = "WiFiCircles.UWP", "WiFiCircles.UWP\WiFiCircles.UWP.csproj", "{8A3E7FE8-968F-40F4-BBE7-1F87F3A2B233}"
EndProject
Project("{FAE04EC0-301F-11D3-BF4B-00C04F79EFBC}") = "WiFiCircles.Android", "WiFiCircles.Android\WiFiCircles.Android.csproj", "{B800C588-9ACF-43C4-AEC3-0720F909FA65}"
EndProject
Project("{FAE04EC0-301F-11D3-BF4B-00C04F79EFBC}") = "WiFiCircles.Shared", "WiFiCircles.Shared\WiFiCircles.Shared.csproj", "{25B8BDC8-BEF9-49CA-AC54-0F22FBB12B88}"
EndProject
Global
	GlobalSection(SolutionConfigurationPlatforms) = preSolution
		Debug|Any CPU = Debug|Any CPU
		Debug|ARM = Debug|ARM
		Debug|x64 = Debug|x64
		Debug|x86 = Debug|x86
		Release|Any CPU = Release|Any CPU
		Release|ARM = Release|ARM
		Release|x64 = Release|x64
		Release|x86 = Release|x86
	EndGlobalSection
	GlobalSection(ProjectConfigurationPlatforms) = postSolution
		{8A3E7FE8-968F-40F4-BBE7-1F87F3A2B233}.Debug|Any CPU.ActiveCfg = Debug|x86
		{8A3E7FE8-968F-40F4-BBE7-1F87F3A2B233}.Debug|ARM.ActiveCfg = Debug|ARM
		{8A3E7FE8-968F-40F4-BBE7-1F87F3A2B233}.Debug|ARM.Build.0 = Debug|ARM
		{8A3E7FE8-968F-40F4-BBE7-1F87F3A2B233}.Debug|ARM.Deploy.0 = Debug|ARM
		{8A3E7FE8-968F-40F4-BBE7-1F87F3A2B233}.Debug|x64.ActiveCfg = Debug|x64
		{8A3E7FE8-968F-40F4-BBE7-1F87F3A2B233}.Debug|x64.Build.0 = Debug|x64
		{8A3E7FE8-968F-40F4-BBE7-1F87F3A2B233}.Debug|x64.Deploy.0 = Debug|x64
		{8A3E7FE8-968F-40F4-BBE7-1F87F3A2B233}.Debug|x86.ActiveCfg = Debug|x86
		{8A3E7FE8-968F-40F4-BBE7-1F87F3A2B233}.Debug|x86.Build.0 = Debug|x86
		{8A3E7FE8-968F-40F4-BBE7-1F87F3A2B233}.Debug|x86.Deploy.0 = Debug|x86
		{8A3E7FE8-968F-40F4-BBE7-1F87F3A2B233}.Release|Any CPU.ActiveCfg = Release|x86
		{8A3E7FE8-968F-40F4-BBE7-1F87F3A2B233}.Release|ARM.ActiveCfg = Release|ARM
		{8A3E7FE8-968F-40F4-BBE7-1F87F3A2B233}.Release|ARM.Build.0 = Release|ARM
		{8A3E7FE8-968F-40F4-BBE7-1F87F3A2B233}.Release|ARM.Deploy.0 = Release|ARM
		{8A3E7FE8-968F-40F4-BBE7-1F87F3A2B233}.Release|x64.ActiveCfg = Release|x64
		{8A3E7FE8-968F-40F4-BBE7-1F87F3A2B233}.Release|x64.Build.0 = Release|x64
		{8A3E7FE8-968F-40F4-BBE7-1F87F3A2B233}.Release|x64.Deploy.0 = Release|x64
		{8A3E7FE8-968F-40F4-BBE7-1F87F3A2B233}.Release|x86.ActiveCfg = Release|x86
		{8A3E7FE8-968F-40F4-BBE7-1F87F3A2B233}.Release|x86.Build.0 = Release|x86
		{8A3E7FE8-968F-40F4-BBE7-1F87F3A2B233}.Release|x86.Deploy.0 = Release|x86
		{B800C588-9ACF-43C4-AEC3-0720F909FA65}.Debug|Any CPU.ActiveCfg = Debug|Any CPU
		{B800C588-9ACF-43C4-AEC3-0720F909FA65}.Debug|Any CPU.Build.0 = Debug|Any CPU
		{B800C588-9ACF-43C4-AEC3-0720F909FA65}.Debug|Any CPU.Deploy.0 = Debug|Any CPU
		{B800C588-9ACF-43C4-AEC3-0720F909FA65}.Debug|ARM.ActiveCfg = Debug|Any CPU
		{B800C588-9ACF-43C4-AEC3-0720F909FA65}.Debug|ARM.Build.0 = Debug|Any CPU
		{B800C588-9ACF-43C4-AEC3-0720F909FA65}.Debug|ARM.Deploy.0 = Debug|Any CPU
		{B800C588-9ACF-43C4-AEC3-0720F909FA65}.Debug|x64.ActiveCfg = Debug|Any CPU
		{B800C588-9ACF-43C4-AEC3-0720F909FA65}.Debug|x64.Build.0 = Debug|Any CPU
		{B800C588-9ACF-43C4-AEC3-0720F909FA65}.Debug|x64.Deploy.0 = Debug|Any CPU
		{B800C588-9ACF-43C4-AEC3-0720F909FA65}.Debug|x86.ActiveCfg = Debug|Any CPU
		{B800C588-9ACF-43C4-AEC3-0720F909FA65}.Debug|x86.Build.0 = Debug|Any CPU
		{B800C588-9ACF-43C4-AEC3-0720F909FA65}.Debug|x86.Deploy.0 = Debug|Any CPU
		{B800C588-9ACF-43C4-AEC3-0720F909FA65}.Release|Any CPU.ActiveCfg = Release|Any CPU
		{B800C588-9ACF-43C4-AEC3-0720F909FA65}.Release|Any CPU.Build.0 = Release|Any CPU
		{B800C588-9ACF-43C4-AEC3-0720F909FA65}.Release|Any CPU.Deploy.0 = Release|Any CPU
		{B800C588-9ACF-43C4-AEC3-0720F909FA65}.Release|ARM.ActiveCfg = Release|Any CPU
		{B800C588-9ACF-43C4-AEC3-0720F909FA65}.Release|ARM.Build.0 = Release|Any CPU
		{B800C588-9ACF-43C4-AEC3-0720F909FA65}.Release|ARM.Deploy.0 = Release|Any CPU
		{B800C588-9ACF-43C4-AEC3-0720F909FA65}.Release|x64.ActiveCfg = Release|Any CPU
		{B800C588-9ACF-43C4-AEC3-0720F909FA65}.Release|x64.Build.0 = Release|Any CPU
		{B800C588-9ACF-43C4-AEC3-0720F909FA65}.Release|x64.Deploy.0 = Release|Any CPU
		{B800C588-9ACF-43C4-AEC3-0720F909FA65}.Release|x86.ActiveCfg = Release|Any CPU
		{B800C588-9ACF-43C4-AEC3-0720F909FA65}.Release|x86.Build.0 = Release|Any CPU
		{B800C588-9ACF-43C4-AEC3-0720F909FA65}.Release|x86.Deploy.0 = Release|Any CPU
		{25B8BDC8-BEF9-49CA-AC54-0F22FBB12B88}.Debug|Any CPU.ActiveCfg = Debug|Any CPU
		{25B8BDC8-BEF9-49CA-AC54-0F22FBB12B88}.Debug|Any CPU.Build.0 = Debug|Any CPU
		{25B8BDC8-BEF9-49CA-AC54-0F22FBB12B88}.Debug|ARM.ActiveCfg = Debug|Any CPU
		{25B8BDC8-BEF9-49CA-AC54-0F22FBB12B88}.Debug|ARM.Build.0 = Debug|Any CPU
		{25B8BDC8-BEF9-49CA-AC54-0F22FBB12B88}.Debug|x64.ActiveCfg = Debug|Any CPU
		{25B8BDC8-BEF9-49CA-AC54-0F22FBB12B88}.Debug|x64.Build.0 = Debug|Any CPU
		{25B8BDC8-BEF9-49CA-AC54-0F22FBB12B88}.Debug|x86.ActiveCfg = Debug|Any CPU
		{25B8BDC8-BEF9-49CA-AC54-0F22FBB12B88}.Debug|x86.Build.0 = Debug|Any CPU
		{25B8BDC8-BEF9-49CA-AC54-0F22FBB12B88}.Release|Any CPU.ActiveCfg = Release|Any CPU
		{25B8BDC8-BEF9-49CA-AC54-0F22FBB12B88}.Release|Any CPU.Build.0 = Release|Any CPU
		{25B8BDC8-BEF9-49CA-AC54-0F22FBB12B88}.Release|ARM.ActiveCfg = Release|Any CPU
		{25B8BDC8-BEF9-49CA-AC54-0F22FBB12B88}.Release|ARM.Build.0 = Release|Any CPU
		{25B8BDC8-BEF9-49CA-AC54-0F22FBB12B88}.Release|x64.ActiveCfg = Release|Any CPU
		{25B8BDC8-BEF9-49CA-AC54-0F22FBB12B88}.Release|x64.Build.0 = Release|Any CPU
		{25B8BDC8-BEF9-49CA-AC54-0F22FBB12B88}.Release|x86.ActiveCfg = Release|Any CPU
		{25B8BDC8-BEF9-49CA-AC54-0F22FBB12B88}.Release|x86.Build.0 = Release|Any CPU
	EndGlobalSection
	GlobalSection(SolutionProperties) = preSolution
		HideSolutionNode = FALSE
	EndGlobalSection
EndGlobal
